
Microsoft Visual Studio Solution File, Format Version 12.00
# Visual Studio 15
VisualStudioVersion = 15.0.28307.572
MinimumVisualStudioVersion = 10.0.40219.1
Project("{9A19103F-16F7-4668-BE54-9A1E7A4F7556}") = "AWSLambda1", "AWSLambda1\AWSLambda1.csproj", "{30C89D09-5C4D-4EAF-98D7-55FC93B9829D}"
EndProject
Global
	GlobalSection(SolutionConfigurationPlatforms) = preSolution
		Debug|Any CPU = Debug|Any CPU
		Release|Any CPU = Release|Any CPU
	EndGlobalSection
	GlobalSection(ProjectConfigurationPlatforms) = postSolution
		{30C89D09-5C4D-4EAF-98D7-55FC93B9829D}.Debug|Any CPU.ActiveCfg = Debug|Any CPU
		{30C89D09-5C4D-4EAF-98D7-55FC93B9829D}.Debug|Any CPU.Build.0 = Debug|Any CPU
		{30C89D09-5C4D-4EAF-98D7-55FC93B9829D}.Release|Any CPU.ActiveCfg = Release|Any CPU
		{30C89D09-5C4D-4EAF-98D7-55FC93B9829D}.Release|Any CPU.Build.0 = Release|Any CPU
	EndGlobalSection
	GlobalSection(SolutionProperties) = preSolution
		HideSolutionNode = FALSE
	EndGlobalSection
	GlobalSection(ExtensibilityGlobals) = postSolution
		SolutionGuid = {E2DB06AC-5033-4F52-A12C-53729A3D1750}
	EndGlobalSection
EndGlobal
